
Microsoft Visual Studio Solution File, Format Version 12.00
# Visual Studio 2015
Project("{FAE04EC0-301F-11D3-BF4B-00C04F79EFBC}") = "Secret of Mana.CSharp", "Secret of Mana.CSharp.csproj", "{449F50CF-52BA-1E1B-5993-0207808BFAEC}"
EndProject
Global
	GlobalSection(SolutionConfigurationPlatforms) = preSolution
		Debug|Any CPU = Debug|Any CPU
		Release|Any CPU = Release|Any CPU
	EndGlobalSection
	GlobalSection(ProjectConfigurationPlatforms) = postSolution
		{449F50CF-52BA-1E1B-5993-0207808BFAEC}.Debug|Any CPU.ActiveCfg = Debug|Any CPU
		{449F50CF-52BA-1E1B-5993-0207808BFAEC}.Debug|Any CPU.Build.0 = Debug|Any CPU
		{449F50CF-52BA-1E1B-5993-0207808BFAEC}.Release|Any CPU.ActiveCfg = Release|Any CPU
		{449F50CF-52BA-1E1B-5993-0207808BFAEC}.Release|Any CPU.Build.0 = Release|Any CPU
	EndGlobalSection
	GlobalSection(SolutionProperties) = preSolution
		HideSolutionNode = FALSE
	EndGlobalSection
EndGlobal
